
Microsoft Visual Studio Solution File, Format Version 12.00
# Visual Studio 15
VisualStudioVersion = 15.0.27703.2042
MinimumVisualStudioVersion = 10.0.40219.1
Project("{FAE04EC0-301F-11D3-BF4B-00C04F79EFBC}") = "GestaoEmpresarial", "GestaoEmpresarial\GestaoEmpresarial.csproj", "{88E47549-7465-4EA4-AC54-770B8DDA0E3A}"
EndProject
Project("{FAE04EC0-301F-11D3-BF4B-00C04F79EFBC}") = "Model", "Model\Model.csproj", "{64964A06-50BC-43E3-89B7-BB3F239442C3}"
EndProject
Project("{FAE04EC0-301F-11D3-BF4B-00C04F79EFBC}") = "Controller", "Controller\Controller.csproj", "{BB9A4A0B-1F07-4372-AB0B-4ED9EFDC899C}"
EndProject
Project("{FAE04EC0-301F-11D3-BF4B-00C04F79EFBC}") = "ConsoleApp1", "ConsoleApp1\ConsoleApp1.csproj", "{3EB45371-1763-4066-82E2-4BACCA555F8F}"
EndProject
Global
	GlobalSection(SolutionConfigurationPlatforms) = preSolution
		Debug|Any CPU = Debug|Any CPU
		Release|Any CPU = Release|Any CPU
	EndGlobalSection
	GlobalSection(ProjectConfigurationPlatforms) = postSolution
		{88E47549-7465-4EA4-AC54-770B8DDA0E3A}.Debug|Any CPU.ActiveCfg = Debug|Any CPU
		{88E47549-7465-4EA4-AC54-770B8DDA0E3A}.Debug|Any CPU.Build.0 = Debug|Any CPU
		{88E47549-7465-4EA4-AC54-770B8DDA0E3A}.Release|Any CPU.ActiveCfg = Release|Any CPU
		{88E47549-7465-4EA4-AC54-770B8DDA0E3A}.Release|Any CPU.Build.0 = Release|Any CPU
		{64964A06-50BC-43E3-89B7-BB3F239442C3}.Debug|Any CPU.ActiveCfg = Debug|Any CPU
		{64964A06-50BC-43E3-89B7-BB3F239442C3}.Debug|Any CPU.Build.0 = Debug|Any CPU
		{64964A06-50BC-43E3-89B7-BB3F239442C3}.Release|Any CPU.ActiveCfg = Release|Any CPU
		{64964A06-50BC-43E3-89B7-BB3F239442C3}.Release|Any CPU.Build.0 = Release|Any CPU
		{BB9A4A0B-1F07-4372-AB0B-4ED9EFDC899C}.Debug|Any CPU.ActiveCfg = Debug|Any CPU
		{BB9A4A0B-1F07-4372-AB0B-4ED9EFDC899C}.Debug|Any CPU.Build.0 = Debug|Any CPU
		{BB9A4A0B-1F07-4372-AB0B-4ED9EFDC899C}.Release|Any CPU.ActiveCfg = Release|Any CPU
		{BB9A4A0B-1F07-4372-AB0B-4ED9EFDC899C}.Release|Any CPU.Build.0 = Release|Any CPU
		{3EB45371-1763-4066-82E2-4BACCA555F8F}.Debug|Any CPU.ActiveCfg = Debug|Any CPU
		{3EB45371-1763-4066-82E2-4BACCA555F8F}.Debug|Any CPU.Build.0 = Debug|Any CPU
		{3EB45371-1763-4066-82E2-4BACCA555F8F}.Release|Any CPU.ActiveCfg = Release|Any CPU
		{3EB45371-1763-4066-82E2-4BACCA555F8F}.Release|Any CPU.Build.0 = Release|Any CPU
	EndGlobalSection
	GlobalSection(SolutionProperties) = preSolution
		HideSolutionNode = FALSE
	EndGlobalSection
	GlobalSection(ExtensibilityGlobals) = postSolution
		SolutionGuid = {419C0048-1ADB-493A-B097-BA480459B37E}
	EndGlobalSection
EndGlobal
